
Microsoft Visual Studio Solution File, Format Version 12.00
# Visual Studio 15
VisualStudioVersion = 15.0.26124.0
MinimumVisualStudioVersion = 15.0.26124.0
Project("{2150E333-8FDC-42A3-9474-1A3956D46DE8}") = "src", "src", "{CE0D7711-0AC2-48A0-BAD3-D826C058A84F}"
EndProject
Project("{FAE04EC0-301F-11D3-BF4B-00C04F79EFBC}") = "Piipan.Match.Orchestrator", "src\Piipan.Match.Orchestrator\Piipan.Match.Orchestrator.csproj", "{602212DC-6449-4E6C-A221-7464DC2B0909}"
EndProject
Project("{2150E333-8FDC-42A3-9474-1A3956D46DE8}") = "tests", "tests", "{B28ACB9E-5540-4C32-AD0C-073B5579441E}"
EndProject
Project("{FAE04EC0-301F-11D3-BF4B-00C04F79EFBC}") = "Piipan.Match.Shared", "src\Piipan.Match.Shared\Piipan.Match.Shared.csproj", "{EE488CE4-2137-4B75-9B46-2E16F2F5A41B}"
EndProject
Project("{FAE04EC0-301F-11D3-BF4B-00C04F79EFBC}") = "Piipan.Match.Core.Tests", "tests\Piipan.Match.Core.Tests\Piipan.Match.Core.Tests.csproj", "{02B365F2-8313-49EC-97D3-B9F45774999A}"
EndProject
Project("{FAE04EC0-301F-11D3-BF4B-00C04F79EFBC}") = "Piipan.Match.Func.Api.Tests", "tests\Piipan.Match.Func.Api.Tests\Piipan.Match.Func.Api.Tests.csproj", "{8B1963EF-6691-4449-AF41-CDE5A9ACC681}"
EndProject
Project("{2150E333-8FDC-42A3-9474-1A3956D46DE8}") = "Piipan.Match", "Piipan.Match", "{4B00FF87-6A2D-4E31-8C7A-95148662D576}"
EndProject
Project("{FAE04EC0-301F-11D3-BF4B-00C04F79EFBC}") = "Piipan.Match.Core", "src\Piipan.Match\Piipan.Match.Core\Piipan.Match.Core.csproj", "{18DF66DA-C4F8-4321-B9EF-0A180CD35DA5}"
EndProject
Project("{FAE04EC0-301F-11D3-BF4B-00C04F79EFBC}") = "Piipan.Match.Func.Api", "src\Piipan.Match\Piipan.Match.Func.Api\Piipan.Match.Func.Api.csproj", "{EE0D1043-2025-4DEE-A82A-C5C06F4958E9}"
EndProject
Project("{FAE04EC0-301F-11D3-BF4B-00C04F79EFBC}") = "Piipan.Match.Api", "src\Piipan.Match\Piipan.Match.Api\Piipan.Match.Api.csproj", "{09372EC3-C7E6-4B0E-AB7E-DC445065566A}"
EndProject
Global
	GlobalSection(SolutionConfigurationPlatforms) = preSolution
		Debug|Any CPU = Debug|Any CPU
		Debug|x64 = Debug|x64
		Debug|x86 = Debug|x86
		Release|Any CPU = Release|Any CPU
		Release|x64 = Release|x64
		Release|x86 = Release|x86
	EndGlobalSection
	GlobalSection(SolutionProperties) = preSolution
		HideSolutionNode = FALSE
	EndGlobalSection
	GlobalSection(ProjectConfigurationPlatforms) = postSolution
		{602212DC-6449-4E6C-A221-7464DC2B0909}.Debug|Any CPU.ActiveCfg = Debug|Any CPU
		{602212DC-6449-4E6C-A221-7464DC2B0909}.Debug|Any CPU.Build.0 = Debug|Any CPU
		{602212DC-6449-4E6C-A221-7464DC2B0909}.Debug|x64.ActiveCfg = Debug|Any CPU
		{602212DC-6449-4E6C-A221-7464DC2B0909}.Debug|x64.Build.0 = Debug|Any CPU
		{602212DC-6449-4E6C-A221-7464DC2B0909}.Debug|x86.ActiveCfg = Debug|Any CPU
		{602212DC-6449-4E6C-A221-7464DC2B0909}.Debug|x86.Build.0 = Debug|Any CPU
		{602212DC-6449-4E6C-A221-7464DC2B0909}.Release|Any CPU.ActiveCfg = Release|Any CPU
		{602212DC-6449-4E6C-A221-7464DC2B0909}.Release|Any CPU.Build.0 = Release|Any CPU
		{602212DC-6449-4E6C-A221-7464DC2B0909}.Release|x64.ActiveCfg = Release|Any CPU
		{602212DC-6449-4E6C-A221-7464DC2B0909}.Release|x64.Build.0 = Release|Any CPU
		{602212DC-6449-4E6C-A221-7464DC2B0909}.Release|x86.ActiveCfg = Release|Any CPU
		{602212DC-6449-4E6C-A221-7464DC2B0909}.Release|x86.Build.0 = Release|Any CPU
		{EE488CE4-2137-4B75-9B46-2E16F2F5A41B}.Debug|Any CPU.ActiveCfg = Debug|Any CPU
		{EE488CE4-2137-4B75-9B46-2E16F2F5A41B}.Debug|Any CPU.Build.0 = Debug|Any CPU
		{EE488CE4-2137-4B75-9B46-2E16F2F5A41B}.Debug|x64.ActiveCfg = Debug|Any CPU
		{EE488CE4-2137-4B75-9B46-2E16F2F5A41B}.Debug|x64.Build.0 = Debug|Any CPU
		{EE488CE4-2137-4B75-9B46-2E16F2F5A41B}.Debug|x86.ActiveCfg = Debug|Any CPU
		{EE488CE4-2137-4B75-9B46-2E16F2F5A41B}.Debug|x86.Build.0 = Debug|Any CPU
		{EE488CE4-2137-4B75-9B46-2E16F2F5A41B}.Release|Any CPU.ActiveCfg = Release|Any CPU
		{EE488CE4-2137-4B75-9B46-2E16F2F5A41B}.Release|Any CPU.Build.0 = Release|Any CPU
		{EE488CE4-2137-4B75-9B46-2E16F2F5A41B}.Release|x64.ActiveCfg = Release|Any CPU
		{EE488CE4-2137-4B75-9B46-2E16F2F5A41B}.Release|x64.Build.0 = Release|Any CPU
		{EE488CE4-2137-4B75-9B46-2E16F2F5A41B}.Release|x86.ActiveCfg = Release|Any CPU
		{EE488CE4-2137-4B75-9B46-2E16F2F5A41B}.Release|x86.Build.0 = Release|Any CPU
		{02B365F2-8313-49EC-97D3-B9F45774999A}.Debug|Any CPU.ActiveCfg = Debug|Any CPU
		{02B365F2-8313-49EC-97D3-B9F45774999A}.Debug|Any CPU.Build.0 = Debug|Any CPU
		{02B365F2-8313-49EC-97D3-B9F45774999A}.Debug|x64.ActiveCfg = Debug|Any CPU
		{02B365F2-8313-49EC-97D3-B9F45774999A}.Debug|x64.Build.0 = Debug|Any CPU
		{02B365F2-8313-49EC-97D3-B9F45774999A}.Debug|x86.ActiveCfg = Debug|Any CPU
		{02B365F2-8313-49EC-97D3-B9F45774999A}.Debug|x86.Build.0 = Debug|Any CPU
		{02B365F2-8313-49EC-97D3-B9F45774999A}.Release|Any CPU.ActiveCfg = Release|Any CPU
		{02B365F2-8313-49EC-97D3-B9F45774999A}.Release|Any CPU.Build.0 = Release|Any CPU
		{02B365F2-8313-49EC-97D3-B9F45774999A}.Release|x64.ActiveCfg = Release|Any CPU
		{02B365F2-8313-49EC-97D3-B9F45774999A}.Release|x64.Build.0 = Release|Any CPU
		{02B365F2-8313-49EC-97D3-B9F45774999A}.Release|x86.ActiveCfg = Release|Any CPU
		{02B365F2-8313-49EC-97D3-B9F45774999A}.Release|x86.Build.0 = Release|Any CPU
		{8B1963EF-6691-4449-AF41-CDE5A9ACC681}.Debug|Any CPU.ActiveCfg = Debug|Any CPU
		{8B1963EF-6691-4449-AF41-CDE5A9ACC681}.Debug|Any CPU.Build.0 = Debug|Any CPU
		{8B1963EF-6691-4449-AF41-CDE5A9ACC681}.Debug|x64.ActiveCfg = Debug|Any CPU
		{8B1963EF-6691-4449-AF41-CDE5A9ACC681}.Debug|x64.Build.0 = Debug|Any CPU
		{8B1963EF-6691-4449-AF41-CDE5A9ACC681}.Debug|x86.ActiveCfg = Debug|Any CPU
		{8B1963EF-6691-4449-AF41-CDE5A9ACC681}.Debug|x86.Build.0 = Debug|Any CPU
		{8B1963EF-6691-4449-AF41-CDE5A9ACC681}.Release|Any CPU.ActiveCfg = Release|Any CPU
		{8B1963EF-6691-4449-AF41-CDE5A9ACC681}.Release|Any CPU.Build.0 = Release|Any CPU
		{8B1963EF-6691-4449-AF41-CDE5A9ACC681}.Release|x64.ActiveCfg = Release|Any CPU
		{8B1963EF-6691-4449-AF41-CDE5A9ACC681}.Release|x64.Build.0 = Release|Any CPU
		{8B1963EF-6691-4449-AF41-CDE5A9ACC681}.Release|x86.ActiveCfg = Release|Any CPU
		{8B1963EF-6691-4449-AF41-CDE5A9ACC681}.Release|x86.Build.0 = Release|Any CPU
		{18DF66DA-C4F8-4321-B9EF-0A180CD35DA5}.Debug|Any CPU.ActiveCfg = Debug|Any CPU
		{18DF66DA-C4F8-4321-B9EF-0A180CD35DA5}.Debug|Any CPU.Build.0 = Debug|Any CPU
		{18DF66DA-C4F8-4321-B9EF-0A180CD35DA5}.Debug|x64.ActiveCfg = Debug|Any CPU
		{18DF66DA-C4F8-4321-B9EF-0A180CD35DA5}.Debug|x64.Build.0 = Debug|Any CPU
		{18DF66DA-C4F8-4321-B9EF-0A180CD35DA5}.Debug|x86.ActiveCfg = Debug|Any CPU
		{18DF66DA-C4F8-4321-B9EF-0A180CD35DA5}.Debug|x86.Build.0 = Debug|Any CPU
		{18DF66DA-C4F8-4321-B9EF-0A180CD35DA5}.Release|Any CPU.ActiveCfg = Release|Any CPU
		{18DF66DA-C4F8-4321-B9EF-0A180CD35DA5}.Release|Any CPU.Build.0 = Release|Any CPU
		{18DF66DA-C4F8-4321-B9EF-0A180CD35DA5}.Release|x64.ActiveCfg = Release|Any CPU
		{18DF66DA-C4F8-4321-B9EF-0A180CD35DA5}.Release|x64.Build.0 = Release|Any CPU
		{18DF66DA-C4F8-4321-B9EF-0A180CD35DA5}.Release|x86.ActiveCfg = Release|Any CPU
		{18DF66DA-C4F8-4321-B9EF-0A180CD35DA5}.Release|x86.Build.0 = Release|Any CPU
		{EE0D1043-2025-4DEE-A82A-C5C06F4958E9}.Debug|Any CPU.ActiveCfg = Debug|Any CPU
		{EE0D1043-2025-4DEE-A82A-C5C06F4958E9}.Debug|Any CPU.Build.0 = Debug|Any CPU
		{EE0D1043-2025-4DEE-A82A-C5C06F4958E9}.Debug|x64.ActiveCfg = Debug|Any CPU
		{EE0D1043-2025-4DEE-A82A-C5C06F4958E9}.Debug|x64.Build.0 = Debug|Any CPU
		{EE0D1043-2025-4DEE-A82A-C5C06F4958E9}.Debug|x86.ActiveCfg = Debug|Any CPU
		{EE0D1043-2025-4DEE-A82A-C5C06F4958E9}.Debug|x86.Build.0 = Debug|Any CPU
		{EE0D1043-2025-4DEE-A82A-C5C06F4958E9}.Release|Any CPU.ActiveCfg = Release|Any CPU
		{EE0D1043-2025-4DEE-A82A-C5C06F4958E9}.Release|Any CPU.Build.0 = Release|Any CPU
		{EE0D1043-2025-4DEE-A82A-C5C06F4958E9}.Release|x64.ActiveCfg = Release|Any CPU
		{EE0D1043-2025-4DEE-A82A-C5C06F4958E9}.Release|x64.Build.0 = Release|Any CPU
		{EE0D1043-2025-4DEE-A82A-C5C06F4958E9}.Release|x86.ActiveCfg = Release|Any CPU
		{EE0D1043-2025-4DEE-A82A-C5C06F4958E9}.Release|x86.Build.0 = Release|Any CPU
		{09372EC3-C7E6-4B0E-AB7E-DC445065566A}.Debug|Any CPU.ActiveCfg = Debug|Any CPU
		{09372EC3-C7E6-4B0E-AB7E-DC445065566A}.Debug|Any CPU.Build.0 = Debug|Any CPU
		{09372EC3-C7E6-4B0E-AB7E-DC445065566A}.Debug|x64.ActiveCfg = Debug|Any CPU
		{09372EC3-C7E6-4B0E-AB7E-DC445065566A}.Debug|x64.Build.0 = Debug|Any CPU
		{09372EC3-C7E6-4B0E-AB7E-DC445065566A}.Debug|x86.ActiveCfg = Debug|Any CPU
		{09372EC3-C7E6-4B0E-AB7E-DC445065566A}.Debug|x86.Build.0 = Debug|Any CPU
		{09372EC3-C7E6-4B0E-AB7E-DC445065566A}.Release|Any CPU.ActiveCfg = Release|Any CPU
		{09372EC3-C7E6-4B0E-AB7E-DC445065566A}.Release|Any CPU.Build.0 = Release|Any CPU
		{09372EC3-C7E6-4B0E-AB7E-DC445065566A}.Release|x64.ActiveCfg = Release|Any CPU
		{09372EC3-C7E6-4B0E-AB7E-DC445065566A}.Release|x64.Build.0 = Release|Any CPU
		{09372EC3-C7E6-4B0E-AB7E-DC445065566A}.Release|x86.ActiveCfg = Release|Any CPU
		{09372EC3-C7E6-4B0E-AB7E-DC445065566A}.Release|x86.Build.0 = Release|Any CPU
	EndGlobalSection
	GlobalSection(NestedProjects) = preSolution
		{602212DC-6449-4E6C-A221-7464DC2B0909} = {CE0D7711-0AC2-48A0-BAD3-D826C058A84F}
		{EE488CE4-2137-4B75-9B46-2E16F2F5A41B} = {CE0D7711-0AC2-48A0-BAD3-D826C058A84F}
		{02B365F2-8313-49EC-97D3-B9F45774999A} = {B28ACB9E-5540-4C32-AD0C-073B5579441E}
		{8B1963EF-6691-4449-AF41-CDE5A9ACC681} = {B28ACB9E-5540-4C32-AD0C-073B5579441E}
		{4B00FF87-6A2D-4E31-8C7A-95148662D576} = {CE0D7711-0AC2-48A0-BAD3-D826C058A84F}
		{18DF66DA-C4F8-4321-B9EF-0A180CD35DA5} = {4B00FF87-6A2D-4E31-8C7A-95148662D576}
		{EE0D1043-2025-4DEE-A82A-C5C06F4958E9} = {4B00FF87-6A2D-4E31-8C7A-95148662D576}
		{09372EC3-C7E6-4B0E-AB7E-DC445065566A} = {4B00FF87-6A2D-4E31-8C7A-95148662D576}
	EndGlobalSection
EndGlobal
