
Microsoft Visual Studio Solution File, Format Version 12.00
# Visual Studio 15
VisualStudioVersion = 15.0.26124.0
MinimumVisualStudioVersion = 15.0.26124.0
Project("{2150E333-8FDC-42A3-9474-1A3956D46DE8}") = "src", "src", "{270C44B4-9DD3-473D-832A-9FCB8838B7DC}"
EndProject
Project("{FAE04EC0-301F-11D3-BF4B-00C04F79EFBC}") = "Piipan.Etl", "src\Piipan.Etl\Piipan.Etl.csproj", "{38BD0246-807E-42A2-88A3-BFF5322CC510}"
EndProject
Project("{2150E333-8FDC-42A3-9474-1A3956D46DE8}") = "tests", "tests", "{F8B3F24C-9F6C-46EC-B565-3F083AB1B2D1}"
EndProject
Project("{FAE04EC0-301F-11D3-BF4B-00C04F79EFBC}") = "Piipan.Etl.Tests", "tests\Piipan.Etl.Tests\Piipan.Etl.Tests.csproj", "{E02085B8-E96F-425D-8E66-56A824BB89CB}"
EndProject
Global
	GlobalSection(SolutionConfigurationPlatforms) = preSolution
		Debug|Any CPU = Debug|Any CPU
		Debug|x64 = Debug|x64
		Debug|x86 = Debug|x86
		Release|Any CPU = Release|Any CPU
		Release|x64 = Release|x64
		Release|x86 = Release|x86
	EndGlobalSection
	GlobalSection(SolutionProperties) = preSolution
		HideSolutionNode = FALSE
	EndGlobalSection
	GlobalSection(ProjectConfigurationPlatforms) = postSolution
		{38BD0246-807E-42A2-88A3-BFF5322CC510}.Debug|Any CPU.ActiveCfg = Debug|Any CPU
		{38BD0246-807E-42A2-88A3-BFF5322CC510}.Debug|Any CPU.Build.0 = Debug|Any CPU
		{38BD0246-807E-42A2-88A3-BFF5322CC510}.Debug|x64.ActiveCfg = Debug|Any CPU
		{38BD0246-807E-42A2-88A3-BFF5322CC510}.Debug|x64.Build.0 = Debug|Any CPU
		{38BD0246-807E-42A2-88A3-BFF5322CC510}.Debug|x86.ActiveCfg = Debug|Any CPU
		{38BD0246-807E-42A2-88A3-BFF5322CC510}.Debug|x86.Build.0 = Debug|Any CPU
		{38BD0246-807E-42A2-88A3-BFF5322CC510}.Release|Any CPU.ActiveCfg = Release|Any CPU
		{38BD0246-807E-42A2-88A3-BFF5322CC510}.Release|Any CPU.Build.0 = Release|Any CPU
		{38BD0246-807E-42A2-88A3-BFF5322CC510}.Release|x64.ActiveCfg = Release|Any CPU
		{38BD0246-807E-42A2-88A3-BFF5322CC510}.Release|x64.Build.0 = Release|Any CPU
		{38BD0246-807E-42A2-88A3-BFF5322CC510}.Release|x86.ActiveCfg = Release|Any CPU
		{38BD0246-807E-42A2-88A3-BFF5322CC510}.Release|x86.Build.0 = Release|Any CPU
		{E02085B8-E96F-425D-8E66-56A824BB89CB}.Debug|Any CPU.ActiveCfg = Debug|Any CPU
		{E02085B8-E96F-425D-8E66-56A824BB89CB}.Debug|Any CPU.Build.0 = Debug|Any CPU
		{E02085B8-E96F-425D-8E66-56A824BB89CB}.Debug|x64.ActiveCfg = Debug|Any CPU
		{E02085B8-E96F-425D-8E66-56A824BB89CB}.Debug|x64.Build.0 = Debug|Any CPU
		{E02085B8-E96F-425D-8E66-56A824BB89CB}.Debug|x86.ActiveCfg = Debug|Any CPU
		{E02085B8-E96F-425D-8E66-56A824BB89CB}.Debug|x86.Build.0 = Debug|Any CPU
		{E02085B8-E96F-425D-8E66-56A824BB89CB}.Release|Any CPU.ActiveCfg = Release|Any CPU
		{E02085B8-E96F-425D-8E66-56A824BB89CB}.Release|Any CPU.Build.0 = Release|Any CPU
		{E02085B8-E96F-425D-8E66-56A824BB89CB}.Release|x64.ActiveCfg = Release|Any CPU
		{E02085B8-E96F-425D-8E66-56A824BB89CB}.Release|x64.Build.0 = Release|Any CPU
		{E02085B8-E96F-425D-8E66-56A824BB89CB}.Release|x86.ActiveCfg = Release|Any CPU
		{E02085B8-E96F-425D-8E66-56A824BB89CB}.Release|x86.Build.0 = Release|Any CPU
	EndGlobalSection
	GlobalSection(NestedProjects) = preSolution
		{38BD0246-807E-42A2-88A3-BFF5322CC510} = {270C44B4-9DD3-473D-832A-9FCB8838B7DC}
		{E02085B8-E96F-425D-8E66-56A824BB89CB} = {F8B3F24C-9F6C-46EC-B565-3F083AB1B2D1}
	EndGlobalSection
EndGlobal
