{
  "version": 1,
  "dependencies": {
    ".NETCoreApp,Version=v3.1": {
      "System.Text.Json": {
        "type": "Direct",
        "requested": "[5.0.2, )",
        "resolved": "5.0.2",
        "contentHash": "I47dVIGiV6SfAyppphxqupertT/5oZkYLDCX6vC3HpOI4ZLjyoKAreUoem2ie6G0RbRuFrlqz/PcTQjfb2DOfQ==",
        "dependencies": {
          "System.Runtime.CompilerServices.Unsafe": "5.0.0",
          "System.Text.Encodings.Web": "5.0.1"
        }
      },
      "Azure.Core": {
        "type": "Transitive",
        "resolved": "1.16.0",
        "contentHash": "DT/d7TTwBiyU/Me0MISk7qFDGeFUBlZoLXJKWrXN86oSRieaeeYZ+LKN4dINkWQ0VMEqv6FlhY4AbAdPiGan6w==",
        "dependencies": {
          "Microsoft.Bcl.AsyncInterfaces": "1.0.0",
          "System.Buffers": "4.5.1",
          "System.Diagnostics.DiagnosticSource": "4.6.0",
          "System.Memory": "4.5.4",
          "System.Memory.Data": "1.0.2",
          "System.Numerics.Vectors": "4.5.0",
          "System.Text.Encodings.Web": "4.7.2",
          "System.Text.Json": "4.6.0",
          "System.Threading.Tasks.Extensions": "4.5.2"
        }
      },
      "Azure.Identity": {
        "type": "Transitive",
        "resolved": "1.4.0",
        "contentHash": "vvjdoDQb9WQyLkD1Uo5KFbwlW7xIsDMihz3yofskym2SimXswbSXuK7QSR1oHnBLBRMdamnVHLpSKQZhJUDejg==",
        "dependencies": {
          "Azure.Core": "1.14.0",
          "Microsoft.Identity.Client": "4.30.1",
          "Microsoft.Identity.Client.Extensions.Msal": "2.18.4",
          "System.Memory": "4.5.4",
          "System.Security.Cryptography.ProtectedData": "4.5.0",
          "System.Text.Json": "4.6.0",
          "System.Threading.Tasks.Extensions": "4.5.2"
        }
      },
      "Microsoft.Bcl.AsyncInterfaces": {
        "type": "Transitive",
        "resolved": "1.0.0",
        "contentHash": "K63Y4hORbBcKLWH5wnKgzyn7TOfYzevIEwIedQHBIkmkEBA9SCqgvom+XTuE+fAFGvINGkhFItaZ2dvMGdT5iw=="
      },
      "Microsoft.Identity.Client": {
        "type": "Transitive",
        "resolved": "4.30.1",
        "contentHash": "xk8tJeGfB2yD3+d7a0DXyV7/HYyEG10IofUHYHoPYKmDbroi/j9t1BqSHgbq1nARDjg7m8Ki6e21AyNU7e/R4Q=="
      },
      "Microsoft.Identity.Client.Extensions.Msal": {
        "type": "Transitive",
        "resolved": "2.18.4",
        "contentHash": "HpG4oLwhQsy0ce7OWq9iDdLtJKOvKRStIKoSEOeBMKuohfuOWNDyhg8fMAJkpG/kFeoe4J329fiMHcJmmB+FPw==",
        "dependencies": {
          "Microsoft.Identity.Client": "4.30.0",
          "System.Security.Cryptography.ProtectedData": "4.5.0"
        }
      },
      "System.Buffers": {
        "type": "Transitive",
        "resolved": "4.5.1",
        "contentHash": "Rw7ijyl1qqRS0YQD/WycNst8hUUMgrMH4FCn1nNm27M4VxchZ1js3fVjQaANHO5f3sN4isvP4a+Met9Y4YomAg=="
      },
      "System.Diagnostics.DiagnosticSource": {
        "type": "Transitive",
        "resolved": "4.6.0",
        "contentHash": "mbBgoR0rRfl2uimsZ2avZY8g7Xnh1Mza0rJZLPcxqiMWlkGukjmRkuMJ/er+AhQuiRIh80CR/Hpeztr80seV5g=="
      },
      "System.Memory": {
        "type": "Transitive",
        "resolved": "4.5.4",
        "contentHash": "1MbJTHS1lZ4bS4FmsJjnuGJOu88ZzTT2rLvrhW7Ygic+pC0NWA+3hgAen0HRdsocuQXCkUTdFn9yHJJhsijDXw=="
      },
      "System.Memory.Data": {
        "type": "Transitive",
        "resolved": "1.0.2",
        "contentHash": "JGkzeqgBsiZwKJZ1IxPNsDFZDhUvuEdX8L8BDC8N3KOj+6zMcNU28CNN59TpZE/VJYy9cP+5M+sbxtWJx3/xtw==",
        "dependencies": {
          "System.Text.Encodings.Web": "4.7.2",
          "System.Text.Json": "4.6.0"
        }
      },
      "System.Numerics.Vectors": {
        "type": "Transitive",
        "resolved": "4.5.0",
        "contentHash": "QQTlPTl06J/iiDbJCiepZ4H//BVraReU4O4EoRw1U02H5TLUIT7xn3GnDp9AXPSlJUDyFs4uWjWafNX6WrAojQ=="
      },
      "System.Runtime.CompilerServices.Unsafe": {
        "type": "Transitive",
        "resolved": "5.0.0",
        "contentHash": "ZD9TMpsmYJLrxbbmdvhwt9YEgG5WntEnZ/d1eH8JBX9LBp+Ju8BSBhUGbZMNVHHomWo2KVImJhTDl2hIgw/6MA=="
      },
      "System.Security.Cryptography.ProtectedData": {
        "type": "Transitive",
        "resolved": "4.5.0",
        "contentHash": "wLBKzFnDCxP12VL9ANydSYhk59fC4cvOr9ypYQLPnAj48NQIhqnjdD2yhP8yEKyBJEjERWS9DisKL7rX5eU25Q=="
      },
      "System.Text.Encodings.Web": {
        "type": "Transitive",
        "resolved": "5.0.1",
        "contentHash": "KmJ+CJXizDofbq6mpqDoRRLcxgOd2z9X3XoFNULSbvbqVRZkFX3istvr+MUjL6Zw1RT+RNdoI4GYidIINtgvqQ=="
      },
      "System.Threading.Tasks.Extensions": {
        "type": "Transitive",
        "resolved": "4.5.2",
        "contentHash": "BG/TNxDFv0svAzx8OiMXDlsHfGw623BZ8tCXw4YLhDFDvDhNUEV58jKYMGRnkbJNm7c3JNNJDiN7JBMzxRBR2w=="
      },
      "piipan.shared": {
        "type": "Project",
        "dependencies": {
          "Azure.Core": "1.16.0",
          "Azure.Identity": "1.4.0"
        }
      }
    }
  }
}