{
  "version": 1,
  "dependencies": {
    ".NETCoreApp,Version=v3.1": {
      "System.Text.Json": {
        "type": "Direct",
        "requested": "[5.0.1, )",
        "resolved": "5.0.1",
        "contentHash": "/UM3UK1dXKl8Ybysg/21gM4S8DJgkR+yLU8JwqCVbuNqQNImelntgYFAN5QxR8sJJ1kMx//hOUdf0lltosi8cQ=="
      }
    }
  }
}
